// !$*UTF8*$!
{
	archiveVersion = 1;
	classes = {
	};
	objectVersion = 50;
	objects = {

/* Begin PBXBuildFile section */
		B448357D24484C300020AA54 /* AppDelegate.swift in Sources */ = {isa = PBXBuildFile; fileRef = B448357C24484C300020AA54 /* AppDelegate.swift */; };
		B448357F24484C300020AA54 /* SceneDelegate.swift in Sources */ = {isa = PBXBuildFile; fileRef = B448357E24484C300020AA54 /* SceneDelegate.swift */; };
		B448358124484C300020AA54 /* ContentView.swift in Sources */ = {isa = PBXBuildFile; fileRef = B448358024484C300020AA54 /* ContentView.swift */; };
		B448358324484C310020AA54 /* Assets.xcassets in Resources */ = {isa = PBXBuildFile; fileRef = B448358224484C310020AA54 /* Assets.xcassets */; };
		B448358624484C310020AA54 /* Preview Assets.xcassets in Resources */ = {isa = PBXBuildFile; fileRef = B448358524484C310020AA54 /* Preview Assets.xcassets */; };
		B448358924484C310020AA54 /* LaunchScreen.storyboard in Resources */ = {isa = PBXBuildFile; fileRef = B448358724484C310020AA54 /* LaunchScreen.storyboard */; };
		B448359424484EB30020AA54 /* AlamofireImage.framework in Frameworks */ = {isa = PBXBuildFile; fileRef = B448359124484EB30020AA54 /* AlamofireImage.framework */; settings = {ATTRIBUTES = (Required, ); }; };
		B448359524484EB30020AA54 /* AlamofireImage.framework in Embed Frameworks */ = {isa = PBXBuildFile; fileRef = B448359124484EB30020AA54 /* AlamofireImage.framework */; settings = {ATTRIBUTES = (RemoveHeadersOnCopy, ); }; };
		B448359624484EB30020AA54 /* Alamofire.framework in Frameworks */ = {isa = PBXBuildFile; fileRef = B448359224484EB30020AA54 /* Alamofire.framework */; };
		B448359724484EB30020AA54 /* Alamofire.framework in Embed Frameworks */ = {isa = PBXBuildFile; fileRef = B448359224484EB30020AA54 /* Alamofire.framework */; settings = {ATTRIBUTES = (RemoveHeadersOnCopy, ); }; };
		B448359824484EB30020AA54 /* SwiftyXMLParser.framework in Frameworks */ = {isa = PBXBuildFile; fileRef = B448359324484EB30020AA54 /* SwiftyXMLParser.framework */; };
		B448359924484EB30020AA54 /* SwiftyXMLParser.framework in Embed Frameworks */ = {isa = PBXBuildFile; fileRef = B448359324484EB30020AA54 /* SwiftyXMLParser.framework */; settings = {ATTRIBUTES = (RemoveHeadersOnCopy, ); }; };
		B448359F244B0D9D0020AA54 /* HerbRow.swift in Sources */ = {isa = PBXBuildFile; fileRef = B448359E244B0D9D0020AA54 /* HerbRow.swift */; };
		B44835A1244B140A0020AA54 /* AsyncImage.swift in Sources */ = {isa = PBXBuildFile; fileRef = B44835A0244B140A0020AA54 /* AsyncImage.swift */; };
		B44835A3244B37990020AA54 /* HerbDetailView.swift in Sources */ = {isa = PBXBuildFile; fileRef = B44835A2244B37990020AA54 /* HerbDetailView.swift */; };
/* End PBXBuildFile section */

/* Begin PBXCopyFilesBuildPhase section */
		B448359A24484EB30020AA54 /* Embed Frameworks */ = {
			isa = PBXCopyFilesBuildPhase;
			buildActionMask = 2147483647;
			dstPath = "";
			dstSubfolderSpec = 10;
			files = (
				B448359524484EB30020AA54 /* AlamofireImage.framework in Embed Frameworks */,
				B448359924484EB30020AA54 /* SwiftyXMLParser.framework in Embed Frameworks */,
				B448359724484EB30020AA54 /* Alamofire.framework in Embed Frameworks */,
			);
			name = "Embed Frameworks";
			runOnlyForDeploymentPostprocessing = 0;
		};
/* End PBXCopyFilesBuildPhase section */

/* Begin PBXFileReference section */
		B448357924484C300020AA54 /* FolkMedicine.app */ = {isa = PBXFileReference; explicitFileType = wrapper.application; includeInIndex = 0; path = FolkMedicine.app; sourceTree = BUILT_PRODUCTS_DIR; };
		B448357C24484C300020AA54 /* AppDelegate.swift */ = {isa = PBXFileReference; lastKnownFileType = sourcecode.swift; path = AppDelegate.swift; sourceTree = "<group>"; };
		B448357E24484C300020AA54 /* SceneDelegate.swift */ = {isa = PBXFileReference; lastKnownFileType = sourcecode.swift; path = SceneDelegate.swift; sourceTree = "<group>"; };
		B448358024484C300020AA54 /* ContentView.swift */ = {isa = PBXFileReference; lastKnownFileType = sourcecode.swift; path = ContentView.swift; sourceTree = "<group>"; };
		B448358224484C310020AA54 /* Assets.xcassets */ = {isa = PBXFileReference; lastKnownFileType = folder.assetcatalog; path = Assets.xcassets; sourceTree = "<group>"; };
		B448358524484C310020AA54 /* Preview Assets.xcassets */ = {isa = PBXFileReference; lastKnownFileType = folder.assetcatalog; path = "Preview Assets.xcassets"; sourceTree = "<group>"; };
		B448358824484C310020AA54 /* Base */ = {isa = PBXFileReference; lastKnownFileType = file.storyboard; name = Base; path = Base.lproj/LaunchScreen.storyboard; sourceTree = "<group>"; };
		B448358A24484C310020AA54 /* Info.plist */ = {isa = PBXFileReference; lastKnownFileType = text.plist.xml; path = Info.plist; sourceTree = "<group>"; };
		B448359124484EB30020AA54 /* AlamofireImage.framework */ = {isa = PBXFileReference; lastKnownFileType = wrapper.framework; name = AlamofireImage.framework; path = Carthage/Build/iOS/AlamofireImage.framework; sourceTree = "<group>"; };
		B448359224484EB30020AA54 /* Alamofire.framework */ = {isa = PBXFileReference; lastKnownFileType = wrapper.framework; name = Alamofire.framework; path = Carthage/Build/iOS/Alamofire.framework; sourceTree = "<group>"; };
		B448359324484EB30020AA54 /* SwiftyXMLParser.framework */ = {isa = PBXFileReference; lastKnownFileType = wrapper.framework; name = SwiftyXMLParser.framework; path = Carthage/Build/iOS/SwiftyXMLParser.framework; sourceTree = "<group>"; };
		B448359E244B0D9D0020AA54 /* HerbRow.swift */ = {isa = PBXFileReference; lastKnownFileType = sourcecode.swift; path = HerbRow.swift; sourceTree = "<group>"; wrapsLines = 1; };
		B44835A0244B140A0020AA54 /* AsyncImage.swift */ = {isa = PBXFileReference; lastKnownFileType = sourcecode.swift; path = AsyncImage.swift; sourceTree = "<group>"; };
		B44835A2244B37990020AA54 /* HerbDetailView.swift */ = {isa = PBXFileReference; lastKnownFileType = sourcecode.swift; path = HerbDetailView.swift; sourceTree = "<group>"; };
/* End PBXFileReference section */

/* Begin PBXFrameworksBuildPhase section */
		B448357624484C300020AA54 /* Frameworks */ = {
			isa = PBXFrameworksBuildPhase;
			buildActionMask = 2147483647;
			files = (
				B448359424484EB30020AA54 /* AlamofireImage.framework in Frameworks */,
				B448359824484EB30020AA54 /* SwiftyXMLParser.framework in Frameworks */,
				B448359624484EB30020AA54 /* Alamofire.framework in Frameworks */,
			);
			runOnlyForDeploymentPostprocessing = 0;
		};
/* End PBXFrameworksBuildPhase section */

/* Begin PBXGroup section */
		B448357024484C300020AA54 = {
			isa = PBXGroup;
			children = (
				B448357B24484C300020AA54 /* FolkMedicine */,
				B448357A24484C300020AA54 /* Products */,
				B448359024484EB30020AA54 /* Frameworks */,
			);
			sourceTree = "<group>";
		};
		B448357A24484C300020AA54 /* Products */ = {
			isa = PBXGroup;
			children = (
				B448357924484C300020AA54 /* FolkMedicine.app */,
			);
			name = Products;
			sourceTree = "<group>";
		};
		B448357B24484C300020AA54 /* FolkMedicine */ = {
			isa = PBXGroup;
			children = (
				B448357C24484C300020AA54 /* AppDelegate.swift */,
				B448357E24484C300020AA54 /* SceneDelegate.swift */,
				B448358024484C300020AA54 /* ContentView.swift */,
				B448359E244B0D9D0020AA54 /* HerbRow.swift */,
				B44835A2244B37990020AA54 /* HerbDetailView.swift */,
				B44835A0244B140A0020AA54 /* AsyncImage.swift */,
				B448358224484C310020AA54 /* Assets.xcassets */,
				B448358724484C310020AA54 /* LaunchScreen.storyboard */,
				B448358A24484C310020AA54 /* Info.plist */,
				B448358424484C310020AA54 /* Preview Content */,
			);
			path = FolkMedicine;
			sourceTree = "<group>";
		};
		B448358424484C310020AA54 /* Preview Content */ = {
			isa = PBXGroup;
			children = (
				B448358524484C310020AA54 /* Preview Assets.xcassets */,
			);
			path = "Preview Content";
			sourceTree = "<group>";
		};
		B448359024484EB30020AA54 /* Frameworks */ = {
			isa = PBXGroup;
			children = (
				B448359224484EB30020AA54 /* Alamofire.framework */,
				B448359124484EB30020AA54 /* AlamofireImage.framework */,
				B448359324484EB30020AA54 /* SwiftyXMLParser.framework */,
			);
			name = Frameworks;
			sourceTree = "<group>";
		};
/* End PBXGroup section */

/* Begin PBXNativeTarget section */
		B448357824484C300020AA54 /* FolkMedicine */ = {
			isa = PBXNativeTarget;
			buildConfigurationList = B448358D24484C310020AA54 /* Build configuration list for PBXNativeTarget "FolkMedicine" */;
			buildPhases = (
				B448357524484C300020AA54 /* Sources */,
				B448357624484C300020AA54 /* Frameworks */,
				B448357724484C300020AA54 /* Resources */,
				B448359A24484EB30020AA54 /* Embed Frameworks */,
				B448359B24484EC90020AA54 /* ShellScript */,
			);
			buildRules = (
			);
			dependencies = (
			);
			name = FolkMedicine;
			productName = FolkMedicine;
			productReference = B448357924484C300020AA54 /* FolkMedicine.app */;
			productType = "com.apple.product-type.application";
		};
/* End PBXNativeTarget section */

/* Begin PBXProject section */
		B448357124484C300020AA54 /* Project object */ = {
			isa = PBXProject;
			attributes = {
				LastSwiftUpdateCheck = 1140;
				LastUpgradeCheck = 1140;
				ORGANIZATIONNAME = "Minho Choi";
				TargetAttributes = {
					B448357824484C300020AA54 = {
						CreatedOnToolsVersion = 11.4.1;
					};
				};
			};
			buildConfigurationList = B448357424484C300020AA54 /* Build configuration list for PBXProject "FolkMedicine" */;
			compatibilityVersion = "Xcode 9.3";
			developmentRegion = en;
			hasScannedForEncodings = 0;
			knownRegions = (
				en,
				Base,
			);
			mainGroup = B448357024484C300020AA54;
			productRefGroup = B448357A24484C300020AA54 /* Products */;
			projectDirPath = "";
			projectRoot = "";
			targets = (
				B448357824484C300020AA54 /* FolkMedicine */,
			);
		};
/* End PBXProject section */

/* Begin PBXResourcesBuildPhase section */
		B448357724484C300020AA54 /* Resources */ = {
			isa = PBXResourcesBuildPhase;
			buildActionMask = 2147483647;
			files = (
				B448358924484C310020AA54 /* LaunchScreen.storyboard in Resources */,
				B448358624484C310020AA54 /* Preview Assets.xcassets in Resources */,
				B448358324484C310020AA54 /* Assets.xcassets in Resources */,
			);
			runOnlyForDeploymentPostprocessing = 0;
		};
/* End PBXResourcesBuildPhase section */

/* Begin PBXShellScriptBuildPhase section */
		B448359B24484EC90020AA54 /* ShellScript */ = {
			isa = PBXShellScriptBuildPhase;
			buildActionMask = 2147483647;
			files = (
			);
			inputFileListPaths = (
			);
			inputPaths = (
				"$(SRCROOT)/Carthage/Build/iOS/Alamofire.framework",
				"$(SRCROOT)/Carthage/Build/iOS/AlamofireImage.framework",
				"$(SRCROOT)/Carthage/Build/iOS/SwiftyXMLParser.framework",
			);
			outputFileListPaths = (
			);
			outputPaths = (
			);
			runOnlyForDeploymentPostprocessing = 0;
			shellPath = /bin/sh;
			shellScript = "# Type a script or drag a script file from your workspace to insert its path.\n/usr/local/bin/carthage copy-frameworks\n";
		};
/* End PBXShellScriptBuildPhase section */

/* Begin PBXSourcesBuildPhase section */
		B448357524484C300020AA54 /* Sources */ = {
			isa = PBXSourcesBuildPhase;
			buildActionMask = 2147483647;
			files = (
				B44835A1244B140A0020AA54 /* AsyncImage.swift in Sources */,
				B448357D24484C300020AA54 /* AppDelegate.swift in Sources */,
				B448357F24484C300020AA54 /* SceneDelegate.swift in Sources */,
				B44835A3244B37990020AA54 /* HerbDetailView.swift in Sources */,
				B448359F244B0D9D0020AA54 /* HerbRow.swift in Sources */,
				B448358124484C300020AA54 /* ContentView.swift in Sources */,
			);
			runOnlyForDeploymentPostprocessing = 0;
		};
/* End PBXSourcesBuildPhase section */

/* Begin PBXVariantGroup section */
		B448358724484C310020AA54 /* LaunchScreen.storyboard */ = {
			isa = PBXVariantGroup;
			children = (
				B448358824484C310020AA54 /* Base */,
			);
			name = LaunchScreen.storyboard;
			sourceTree = "<group>";
		};
/* End PBXVariantGroup section */

/* Begin XCBuildConfiguration section */
		B448358B24484C310020AA54 /* Debug */ = {
			isa = XCBuildConfiguration;
			buildSettings = {
				ALWAYS_SEARCH_USER_PATHS = NO;
				CLANG_ANALYZER_NONNULL = YES;
				CLANG_ANALYZER_NUMBER_OBJECT_CONVERSION = YES_AGGRESSIVE;
				CLANG_CXX_LANGUAGE_STANDARD = "gnu++14";
				CLANG_CXX_LIBRARY = "libc++";
				CLANG_ENABLE_MODULES = YES;
				CLANG_ENABLE_OBJC_ARC = YES;
				CLANG_ENABLE_OBJC_WEAK = YES;
				CLANG_WARN_BLOCK_CAPTURE_AUTORELEASING = YES;
				CLANG_WARN_BOOL_CONVERSION = YES;
				CLANG_WARN_COMMA = YES;
				CLANG_WARN_CONSTANT_CONVERSION = YES;
				CLANG_WARN_DEPRECATED_OBJC_IMPLEMENTATIONS = YES;
				CLANG_WARN_DIRECT_OBJC_ISA_USAGE = YES_ERROR;
				CLANG_WARN_DOCUMENTATION_COMMENTS = YES;
				CLANG_WARN_EMPTY_BODY = YES;
				CLANG_WARN_ENUM_CONVERSION = YES;
				CLANG_WARN_INFINITE_RECURSION = YES;
				CLANG_WARN_INT_CONVERSION = YES;
				CLANG_WARN_NON_LITERAL_NULL_CONVERSION = YES;
				CLANG_WARN_OBJC_IMPLICIT_RETAIN_SELF = YES;
				CLANG_WARN_OBJC_LITERAL_CONVERSION = YES;
				CLANG_WARN_OBJC_ROOT_CLASS = YES_ERROR;
				CLANG_WARN_RANGE_LOOP_ANALYSIS = YES;
				CLANG_WARN_STRICT_PROTOTYPES = YES;
				CLANG_WARN_SUSPICIOUS_MOVE = YES;
				CLANG_WARN_UNGUARDED_AVAILABILITY = YES_AGGRESSIVE;
				CLANG_WARN_UNREACHABLE_CODE = YES;
				CLANG_WARN__DUPLICATE_METHOD_MATCH = YES;
				COPY_PHASE_STRIP = NO;
				DEBUG_INFORMATION_FORMAT = dwarf;
				ENABLE_STRICT_OBJC_MSGSEND = YES;
				ENABLE_TESTABILITY = YES;
				GCC_C_LANGUAGE_STANDARD = gnu11;
				GCC_DYNAMIC_NO_PIC = NO;
				GCC_NO_COMMON_BLOCKS = YES;
				GCC_OPTIMIZATION_LEVEL = 0;
				GCC_PREPROCESSOR_DEFINITIONS = (
					"DEBUG=1",
					"$(inherited)",
				);
				GCC_WARN_64_TO_32_BIT_CONVERSION = YES;
				GCC_WARN_ABOUT_RETURN_TYPE = YES_ERROR;
				GCC_WARN_UNDECLARED_SELECTOR = YES;
				GCC_WARN_UNINITIALIZED_AUTOS = YES_AGGRESSIVE;
				GCC_WARN_UNUSED_FUNCTION = YES;
				GCC_WARN_UNUSED_VARIABLE = YES;
				IPHONEOS_DEPLOYMENT_TARGET = 13.4;
				MTL_ENABLE_DEBUG_INFO = INCLUDE_SOURCE;
				MTL_FAST_MATH = YES;
				ONLY_ACTIVE_ARCH = YES;
				SDKROOT = iphoneos;
				SWIFT_ACTIVE_COMPILATION_CONDITIONS = DEBUG;
				SWIFT_OPTIMIZATION_LEVEL = "-Onone";
			};
			name = Debug;
		};
		B448358C24484C310020AA54 /* Release */ = {
			isa = XCBuildConfiguration;
			buildSettings = {
				ALWAYS_SEARCH_USER_PATHS = NO;
				CLANG_ANALYZER_NONNULL = YES;
				CLANG_ANALYZER_NUMBER_OBJECT_CONVERSION = YES_AGGRESSIVE;
				CLANG_CXX_LANGUAGE_STANDARD = "gnu++14";
				CLANG_CXX_LIBRARY = "libc++";
				CLANG_ENABLE_MODULES = YES;
				CLANG_ENABLE_OBJC_ARC = YES;
				CLANG_ENABLE_OBJC_WEAK = YES;
				CLANG_WARN_BLOCK_CAPTURE_AUTORELEASING = YES;
				CLANG_WARN_BOOL_CONVERSION = YES;
				CLANG_WARN_COMMA = YES;
				CLANG_WARN_CONSTANT_CONVERSION = YES;
				CLANG_WARN_DEPRECATED_OBJC_IMPLEMENTATIONS = YES;
				CLANG_WARN_DIRECT_OBJC_ISA_USAGE = YES_ERROR;
				CLANG_WARN_DOCUMENTATION_COMMENTS = YES;
				CLANG_WARN_EMPTY_BODY = YES;
				CLANG_WARN_ENUM_CONVERSION = YES;
				CLANG_WARN_INFINITE_RECURSION = YES;
				CLANG_WARN_INT_CONVERSION = YES;
				CLANG_WARN_NON_LITERAL_NULL_CONVERSION = YES;
				CLANG_WARN_OBJC_IMPLICIT_RETAIN_SELF = YES;
				CLANG_WARN_OBJC_LITERAL_CONVERSION = YES;
				CLANG_WARN_OBJC_ROOT_CLASS = YES_ERROR;
				CLANG_WARN_RANGE_LOOP_ANALYSIS = YES;
				CLANG_WARN_STRICT_PROTOTYPES = YES;
				CLANG_WARN_SUSPICIOUS_MOVE = YES;
				CLANG_WARN_UNGUARDED_AVAILABILITY = YES_AGGRESSIVE;
				CLANG_WARN_UNREACHABLE_CODE = YES;
				CLANG_WARN__DUPLICATE_METHOD_MATCH = YES;
				COPY_PHASE_STRIP = NO;
				DEBUG_INFORMATION_FORMAT = "dwarf-with-dsym";
				ENABLE_NS_ASSERTIONS = NO;
				ENABLE_STRICT_OBJC_MSGSEND = YES;
				GCC_C_LANGUAGE_STANDARD = gnu11;
				GCC_NO_COMMON_BLOCKS = YES;
				GCC_WARN_64_TO_32_BIT_CONVERSION = YES;
				GCC_WARN_ABOUT_RETURN_TYPE = YES_ERROR;
				GCC_WARN_UNDECLARED_SELECTOR = YES;
				GCC_WARN_UNINITIALIZED_AUTOS = YES_AGGRESSIVE;
				GCC_WARN_UNUSED_FUNCTION = YES;
				GCC_WARN_UNUSED_VARIABLE = YES;
				IPHONEOS_DEPLOYMENT_TARGET = 13.4;
				MTL_ENABLE_DEBUG_INFO = NO;
				MTL_FAST_MATH = YES;
				SDKROOT = iphoneos;
				SWIFT_COMPILATION_MODE = wholemodule;
				SWIFT_OPTIMIZATION_LEVEL = "-O";
				VALIDATE_PRODUCT = YES;
			};
			name = Release;
		};
		B448358E24484C310020AA54 /* Debug */ = {
			isa = XCBuildConfiguration;
			buildSettings = {
				ASSETCATALOG_COMPILER_APPICON_NAME = AppIcon;
				CODE_SIGN_STYLE = Automatic;
				DEVELOPMENT_ASSET_PATHS = "\"FolkMedicine/Preview Content\"";
				ENABLE_PREVIEWS = YES;
				FRAMEWORK_SEARCH_PATHS = (
					"$(inherited)",
					"$(PROJECT_DIR)/Carthage/Build/iOS",
				);
				INFOPLIST_FILE = FolkMedicine/Info.plist;
				LD_RUNPATH_SEARCH_PATHS = (
					"$(inherited)",
					"@executable_path/Frameworks",
				);
				PRODUCT_BUNDLE_IDENTIFIER = com.minhoChoi.FolkMedicine;
				PRODUCT_NAME = "$(TARGET_NAME)";
				SWIFT_VERSION = 5.0;
				TARGETED_DEVICE_FAMILY = "1,2";
			};
			name = Debug;
		};
		B448358F24484C310020AA54 /* Release */ = {
			isa = XCBuildConfiguration;
			buildSettings = {
				ASSETCATALOG_COMPILER_APPICON_NAME = AppIcon;
				CODE_SIGN_STYLE = Automatic;
				DEVELOPMENT_ASSET_PATHS = "\"FolkMedicine/Preview Content\"";
				ENABLE_PREVIEWS = YES;
				FRAMEWORK_SEARCH_PATHS = (
					"$(inherited)",
					"$(PROJECT_DIR)/Carthage/Build/iOS",
				);
				INFOPLIST_FILE = FolkMedicine/Info.plist;
				LD_RUNPATH_SEARCH_PATHS = (
					"$(inherited)",
					"@executable_path/Frameworks",
				);
				PRODUCT_BUNDLE_IDENTIFIER = com.minhoChoi.FolkMedicine;
				PRODUCT_NAME = "$(TARGET_NAME)";
				SWIFT_VERSION = 5.0;
				TARGETED_DEVICE_FAMILY = "1,2";
			};
			name = Release;
		};
/* End XCBuildConfiguration section */

/* Begin XCConfigurationList section */
		B448357424484C300020AA54 /* Build configuration list for PBXProject "FolkMedicine" */ = {
			isa = XCConfigurationList;
			buildConfigurations = (
				B448358B24484C310020AA54 /* Debug */,
				B448358C24484C310020AA54 /* Release */,
			);
			defaultConfigurationIsVisible = 0;
			defaultConfigurationName = Release;
		};
		B448358D24484C310020AA54 /* Build configuration list for PBXNativeTarget "FolkMedicine" */ = {
			isa = XCConfigurationList;
			buildConfigurations = (
				B448358E24484C310020AA54 /* Debug */,
				B448358F24484C310020AA54 /* Release */,
			);
			defaultConfigurationIsVisible = 0;
			defaultConfigurationName = Release;
		};
/* End XCConfigurationList section */
	};
	rootObject = B448357124484C300020AA54 /* Project object */;
}
